
Microsoft Visual Studio Solution File, Format Version 12.00
# Visual Studio Version 17
VisualStudioVersion = 17.9.34622.214
MinimumVisualStudioVersion = 10.0.40219.1
Project("{9A19103F-16F7-4668-BE54-9A1E7A4F7556}") = "P01_MVCBasics", "P01_MVCBasics\P01_MVCBasics.csproj", "{408CA56D-12E7-43AF-B0F2-A82024BABEF7}"
EndProject
Project("{9A19103F-16F7-4668-BE54-9A1E7A4F7556}") = "P02_Models", "P02_Models\P02_Models.csproj", "{CDBFA839-319C-4CB1-83FD-A56ABED956E8}"
EndProject
Project("{9A19103F-16F7-4668-BE54-9A1E7A4F7556}") = "P03_Controllers", "P03_Controllers\P03_Controllers.csproj", "{0D723344-64B9-48BC-A099-91CA71E36583}"
EndProject
Project("{9A19103F-16F7-4668-BE54-9A1E7A4F7556}") = "P04_Views", "P04_Views\P04_Views.csproj", "{C5D894A5-2681-4E36-BB6D-A7A46A265F52}"
EndProject
Project("{9A19103F-16F7-4668-BE54-9A1E7A4F7556}") = "P05_DataPassingToViews", "P05_DataPassingToViews\P05_DataPassingToViews.csproj", "{67BB6FBA-AFA6-487C-A038-D0959DC04B20}"
EndProject
Project("{9A19103F-16F7-4668-BE54-9A1E7A4F7556}") = "P06_RazorViewEngine", "P06_RazorViewEngine\P06_RazorViewEngine.csproj", "{E68D773B-3ABC-4893-8F91-CE0A86CEE943}"
EndProject
Project("{9A19103F-16F7-4668-BE54-9A1E7A4F7556}") = "P07_HTMLHelpers", "P07_HTMLHelpers\P07_HTMLHelpers.csproj", "{30D9C6F4-62DA-4AA8-808B-F6C1CBEFC339}"
EndProject
Project("{FAE04EC0-301F-11D3-BF4B-00C04F79EFBC}") = "P08_MVCSample", "P08_MVCSample\P08_MVCSample.csproj", "{0A4EB395-1E59-486E-91E6-1547644DC300}"
EndProject
Global
	GlobalSection(SolutionConfigurationPlatforms) = preSolution
		Debug|Any CPU = Debug|Any CPU
		Release|Any CPU = Release|Any CPU
	EndGlobalSection
	GlobalSection(ProjectConfigurationPlatforms) = postSolution
		{408CA56D-12E7-43AF-B0F2-A82024BABEF7}.Debug|Any CPU.ActiveCfg = Debug|Any CPU
		{408CA56D-12E7-43AF-B0F2-A82024BABEF7}.Debug|Any CPU.Build.0 = Debug|Any CPU
		{408CA56D-12E7-43AF-B0F2-A82024BABEF7}.Release|Any CPU.ActiveCfg = Release|Any CPU
		{408CA56D-12E7-43AF-B0F2-A82024BABEF7}.Release|Any CPU.Build.0 = Release|Any CPU
		{CDBFA839-319C-4CB1-83FD-A56ABED956E8}.Debug|Any CPU.ActiveCfg = Debug|Any CPU
		{CDBFA839-319C-4CB1-83FD-A56ABED956E8}.Debug|Any CPU.Build.0 = Debug|Any CPU
		{CDBFA839-319C-4CB1-83FD-A56ABED956E8}.Release|Any CPU.ActiveCfg = Release|Any CPU
		{CDBFA839-319C-4CB1-83FD-A56ABED956E8}.Release|Any CPU.Build.0 = Release|Any CPU
		{0D723344-64B9-48BC-A099-91CA71E36583}.Debug|Any CPU.ActiveCfg = Debug|Any CPU
		{0D723344-64B9-48BC-A099-91CA71E36583}.Debug|Any CPU.Build.0 = Debug|Any CPU
		{0D723344-64B9-48BC-A099-91CA71E36583}.Release|Any CPU.ActiveCfg = Release|Any CPU
		{0D723344-64B9-48BC-A099-91CA71E36583}.Release|Any CPU.Build.0 = Release|Any CPU
		{C5D894A5-2681-4E36-BB6D-A7A46A265F52}.Debug|Any CPU.ActiveCfg = Debug|Any CPU
		{C5D894A5-2681-4E36-BB6D-A7A46A265F52}.Debug|Any CPU.Build.0 = Debug|Any CPU
		{C5D894A5-2681-4E36-BB6D-A7A46A265F52}.Release|Any CPU.ActiveCfg = Release|Any CPU
		{C5D894A5-2681-4E36-BB6D-A7A46A265F52}.Release|Any CPU.Build.0 = Release|Any CPU
		{67BB6FBA-AFA6-487C-A038-D0959DC04B20}.Debug|Any CPU.ActiveCfg = Debug|Any CPU
		{67BB6FBA-AFA6-487C-A038-D0959DC04B20}.Debug|Any CPU.Build.0 = Debug|Any CPU
		{67BB6FBA-AFA6-487C-A038-D0959DC04B20}.Release|Any CPU.ActiveCfg = Release|Any CPU
		{67BB6FBA-AFA6-487C-A038-D0959DC04B20}.Release|Any CPU.Build.0 = Release|Any CPU
		{E68D773B-3ABC-4893-8F91-CE0A86CEE943}.Debug|Any CPU.ActiveCfg = Debug|Any CPU
		{E68D773B-3ABC-4893-8F91-CE0A86CEE943}.Debug|Any CPU.Build.0 = Debug|Any CPU
		{E68D773B-3ABC-4893-8F91-CE0A86CEE943}.Release|Any CPU.ActiveCfg = Release|Any CPU
		{E68D773B-3ABC-4893-8F91-CE0A86CEE943}.Release|Any CPU.Build.0 = Release|Any CPU
		{30D9C6F4-62DA-4AA8-808B-F6C1CBEFC339}.Debug|Any CPU.ActiveCfg = Debug|Any CPU
		{30D9C6F4-62DA-4AA8-808B-F6C1CBEFC339}.Debug|Any CPU.Build.0 = Debug|Any CPU
		{30D9C6F4-62DA-4AA8-808B-F6C1CBEFC339}.Release|Any CPU.ActiveCfg = Release|Any CPU
		{30D9C6F4-62DA-4AA8-808B-F6C1CBEFC339}.Release|Any CPU.Build.0 = Release|Any CPU
		{0A4EB395-1E59-486E-91E6-1547644DC300}.Debug|Any CPU.ActiveCfg = Debug|Any CPU
		{0A4EB395-1E59-486E-91E6-1547644DC300}.Debug|Any CPU.Build.0 = Debug|Any CPU
		{0A4EB395-1E59-486E-91E6-1547644DC300}.Release|Any CPU.ActiveCfg = Release|Any CPU
		{0A4EB395-1E59-486E-91E6-1547644DC300}.Release|Any CPU.Build.0 = Release|Any CPU
	EndGlobalSection
	GlobalSection(SolutionProperties) = preSolution
		HideSolutionNode = FALSE
	EndGlobalSection
	GlobalSection(ExtensibilityGlobals) = postSolution
		SolutionGuid = {130919A1-6D53-49CB-9C0E-F12561E45BF5}
	EndGlobalSection
EndGlobal
